
Microsoft Visual Studio Solution File, Format Version 12.00
# Visual Studio 2013
VisualStudioVersion = 12.0.30110.0
MinimumVisualStudioVersion = 10.0.40219.1
Project("{8BC9CEB8-8B4A-11D0-8D11-00A0C91BC942}") = "Q2014_MagicTrick", "Q2014_MagicTrick\Q2014_MagicTrick.vcxproj", "{9B3B976F-1000-4933-80F8-D86A4A89EE81}"
EndProject
Project("{8BC9CEB8-8B4A-11D0-8D11-00A0C91BC942}") = "Q2014_ProbA_MagicTrick", "Q2014_ProbA_MagicTrick\Q2014_ProbA_MagicTrick.vcxproj", "{B461841B-434E-410B-86A0-085FA4082A5A}"
EndProject
Global
	GlobalSection(SolutionConfigurationPlatforms) = preSolution
		Debug|Win32 = Debug|Win32
		Release|Win32 = Release|Win32
	EndGlobalSection
	GlobalSection(ProjectConfigurationPlatforms) = postSolution
		{9B3B976F-1000-4933-80F8-D86A4A89EE81}.Debug|Win32.ActiveCfg = Debug|Win32
		{9B3B976F-1000-4933-80F8-D86A4A89EE81}.Debug|Win32.Build.0 = Debug|Win32
		{9B3B976F-1000-4933-80F8-D86A4A89EE81}.Release|Win32.ActiveCfg = Release|Win32
		{9B3B976F-1000-4933-80F8-D86A4A89EE81}.Release|Win32.Build.0 = Release|Win32
		{B461841B-434E-410B-86A0-085FA4082A5A}.Debug|Win32.ActiveCfg = Debug|Win32
		{B461841B-434E-410B-86A0-085FA4082A5A}.Debug|Win32.Build.0 = Debug|Win32
		{B461841B-434E-410B-86A0-085FA4082A5A}.Release|Win32.ActiveCfg = Release|Win32
		{B461841B-434E-410B-86A0-085FA4082A5A}.Release|Win32.Build.0 = Release|Win32
	EndGlobalSection
	GlobalSection(SolutionProperties) = preSolution
		HideSolutionNode = FALSE
	EndGlobalSection
EndGlobal
